
Microsoft Visual Studio Solution File, Format Version 12.00
# Visual Studio Version 16
VisualStudioVersion = 16.0.31220.234
MinimumVisualStudioVersion = 10.0.40219.1
Project("{9A19103F-16F7-4668-BE54-9A1E7A4F7556}") = "InvetroyManagerTest", "InvetroyManagerTest.csproj", "{4992140A-C5C8-4167-B382-A4378710C407}"
EndProject
Global
	GlobalSection(SolutionConfigurationPlatforms) = preSolution
		Debug|Any CPU = Debug|Any CPU
		Release|Any CPU = Release|Any CPU
	EndGlobalSection
	GlobalSection(ProjectConfigurationPlatforms) = postSolution
		{4992140A-C5C8-4167-B382-A4378710C407}.Debug|Any CPU.ActiveCfg = Debug|Any CPU
		{4992140A-C5C8-4167-B382-A4378710C407}.Debug|Any CPU.Build.0 = Debug|Any CPU
		{4992140A-C5C8-4167-B382-A4378710C407}.Release|Any CPU.ActiveCfg = Release|Any CPU
		{4992140A-C5C8-4167-B382-A4378710C407}.Release|Any CPU.Build.0 = Release|Any CPU
	EndGlobalSection
	GlobalSection(SolutionProperties) = preSolution
		HideSolutionNode = FALSE
	EndGlobalSection
	GlobalSection(ExtensibilityGlobals) = postSolution
		SolutionGuid = {23B0EFC7-4647-4731-8E57-D11DE1FE68C2}
	EndGlobalSection
EndGlobal
